// !$*UTF8*$!
{
	archiveVersion = 1;
	classes = {
	};
	objectVersion = 45;
	objects = {

/* Begin PBXBuildFile section */
		1D3623260D0F684500981E51 /* SaturationAppDelegate.m in Sources */ = {isa = PBXBuildFile; fileRef = 1D3623250D0F684500981E51 /* SaturationAppDelegate.m */; };
		1D60589B0D05DD56006BFB54 /* main.m in Sources */ = {isa = PBXBuildFile; fileRef = 29B97316FDCFA39411CA2CEA /* main.m */; };
		1D60589F0D05DD5A006BFB54 /* Foundation.framework in Frameworks */ = {isa = PBXBuildFile; fileRef = 1D30AB110D05D00D00671497 /* Foundation.framework */; };
		1DF5F4E00D08C38300B7A737 /* UIKit.framework in Frameworks */ = {isa = PBXBuildFile; fileRef = 1DF5F4DF0D08C38300B7A737 /* UIKit.framework */; };
		288765FD0DF74451002DB57D /* CoreGraphics.framework in Frameworks */ = {isa = PBXBuildFile; fileRef = 288765FC0DF74451002DB57D /* CoreGraphics.framework */; };
		A911891A10DDD9C7003AA0EB /* icon.png in Resources */ = {isa = PBXBuildFile; fileRef = A911891910DDD9C7003AA0EB /* icon.png */; };
		A9A0F7FB10D8903100823BC9 /* BGSMainViewController.m in Sources */ = {isa = PBXBuildFile; fileRef = A9A0F7FA10D8903100823BC9 /* BGSMainViewController.m */; };
		A9A0F80610D8910100823BC9 /* BGSCircleView.m in Sources */ = {isa = PBXBuildFile; fileRef = A9A0F80510D8910100823BC9 /* BGSCircleView.m */; };
		A9A0F80B10D8912D00823BC9 /* QuartzCore.framework in Frameworks */ = {isa = PBXBuildFile; fileRef = A9A0F80A10D8912D00823BC9 /* QuartzCore.framework */; };
		A9A0F86B10D8941A00823BC9 /* BGSKulerParser.m in Sources */ = {isa = PBXBuildFile; fileRef = A9A0F86A10D8941A00823BC9 /* BGSKulerParser.m */; };
		A9EFACCD10DC9A8B005CCAA3 /* BGSDetailViewController.m in Sources */ = {isa = PBXBuildFile; fileRef = A9EFACCC10DC9A8B005CCAA3 /* BGSDetailViewController.m */; };
		A9EFACD610DC9FE4005CCAA3 /* button-close.png in Resources */ = {isa = PBXBuildFile; fileRef = A9EFACD510DC9FE4005CCAA3 /* button-close.png */; };
		A9EFACF610DCA0ED005CCAA3 /* NOTES in Resources */ = {isa = PBXBuildFile; fileRef = A9EFACF510DCA0ED005CCAA3 /* NOTES */; };
		A9EFADCF10DCAB6D005CCAA3 /* icon-email.png in Resources */ = {isa = PBXBuildFile; fileRef = A9EFADCB10DCAB6D005CCAA3 /* icon-email.png */; };
		A9EFADD010DCAB6D005CCAA3 /* icon-favorite-selected.png in Resources */ = {isa = PBXBuildFile; fileRef = A9EFADCC10DCAB6D005CCAA3 /* icon-favorite-selected.png */; };
		A9EFADD110DCAB6D005CCAA3 /* icon-favorite-unselected.png in Resources */ = {isa = PBXBuildFile; fileRef = A9EFADCD10DCAB6D005CCAA3 /* icon-favorite-unselected.png */; };
		A9EFADF710DD1F52005CCAA3 /* button-gear.png in Resources */ = {isa = PBXBuildFile; fileRef = A9EFADF510DD1F52005CCAA3 /* button-gear.png */; };
		A9EFADF810DD1F52005CCAA3 /* button-info.png in Resources */ = {isa = PBXBuildFile; fileRef = A9EFADF610DD1F52005CCAA3 /* button-info.png */; };
		A9EFAE6C10DD2508005CCAA3 /* BGSSwatchColor.m in Sources */ = {isa = PBXBuildFile; fileRef = A9EFAE6B10DD2508005CCAA3 /* BGSSwatchColor.m */; };
		A9EFAEA110DD2D59005CCAA3 /* BGSSwatchStrip.m in Sources */ = {isa = PBXBuildFile; fileRef = A9EFAEA010DD2D59005CCAA3 /* BGSSwatchStrip.m */; };
		A9EFB00910DD79A7005CCAA3 /* UIColor+CMYK.m in Sources */ = {isa = PBXBuildFile; fileRef = A9EFB00810DD79A7005CCAA3 /* UIColor+CMYK.m */; };
		A9EFB0AC10DD8D79005CCAA3 /* BGSEmailCTAView.m in Sources */ = {isa = PBXBuildFile; fileRef = A9EFB0AB10DD8D79005CCAA3 /* BGSEmailCTAView.m */; };
		A9EFB11710DD9B5E005CCAA3 /* button-email-background.png in Resources */ = {isa = PBXBuildFile; fileRef = A9EFB11610DD9B5E005CCAA3 /* button-email-background.png */; };
		A9EFB12810DD9CA2005CCAA3 /* button-favorite-background.png in Resources */ = {isa = PBXBuildFile; fileRef = A9EFB12710DD9CA2005CCAA3 /* button-favorite-background.png */; };
		A9EFB18710DDA7F5005CCAA3 /* BGSFavoriteView.m in Sources */ = {isa = PBXBuildFile; fileRef = A9EFB18610DDA7F5005CCAA3 /* BGSFavoriteView.m */; };
		A9EFB18E10DDAA93005CCAA3 /* BGSWelcomeViewController.m in Sources */ = {isa = PBXBuildFile; fileRef = A9EFB18D10DDAA93005CCAA3 /* BGSWelcomeViewController.m */; };
		A9EFB1BE10DDB2F1005CCAA3 /* logo-kuler.png in Resources */ = {isa = PBXBuildFile; fileRef = A9EFB1BA10DDB2F1005CCAA3 /* logo-kuler.png */; };
		A9EFB1BF10DDB2F1005CCAA3 /* logo-saturation.png in Resources */ = {isa = PBXBuildFile; fileRef = A9EFB1BB10DDB2F1005CCAA3 /* logo-saturation.png */; };
		A9EFB1C010DDB2F1005CCAA3 /* logo-shadow.png in Resources */ = {isa = PBXBuildFile; fileRef = A9EFB1BC10DDB2F1005CCAA3 /* logo-shadow.png */; };
		A9EFB1D210DDB58B005CCAA3 /* Default.png in Resources */ = {isa = PBXBuildFile; fileRef = A9EFB1D110DDB58B005CCAA3 /* Default.png */; };
		A9EFB20310DDB730005CCAA3 /* logo-background.png in Resources */ = {isa = PBXBuildFile; fileRef = A9EFB20210DDB730005CCAA3 /* logo-background.png */; };
		A9EFB2DA10DDCAB5005CCAA3 /* NSArray-Shuffle.m in Sources */ = {isa = PBXBuildFile; fileRef = A9EFB2D910DDCAB5005CCAA3 /* NSArray-Shuffle.m */; };
		A9EFB31110DDCE3D005CCAA3 /* background.png in Resources */ = {isa = PBXBuildFile; fileRef = A9EFB31010DDCE3D005CCAA3 /* background.png */; };
		A9EFB3A410DDD5B4005CCAA3 /* Entitlements.plist in Resources */ = {isa = PBXBuildFile; fileRef = A9EFB3A310DDD5B4005CCAA3 /* Entitlements.plist */; };
/* End PBXBuildFile section */

/* Begin PBXFileReference section */
		1D30AB110D05D00D00671497 /* Foundation.framework */ = {isa = PBXFileReference; lastKnownFileType = wrapper.framework; name = Foundation.framework; path = System/Library/Frameworks/Foundation.framework; sourceTree = SDKROOT; };
		1D3623240D0F684500981E51 /* SaturationAppDelegate.h */ = {isa = PBXFileReference; fileEncoding = 4; lastKnownFileType = sourcecode.c.h; path = SaturationAppDelegate.h; sourceTree = "<group>"; };
		1D3623250D0F684500981E51 /* SaturationAppDelegate.m */ = {isa = PBXFileReference; fileEncoding = 4; lastKnownFileType = sourcecode.c.objc; path = SaturationAppDelegate.m; sourceTree = "<group>"; };
		1D6058910D05DD3D006BFB54 /* Saturation.app */ = {isa = PBXFileReference; explicitFileType = wrapper.application; includeInIndex = 0; path = Saturation.app; sourceTree = BUILT_PRODUCTS_DIR; };
		1DF5F4DF0D08C38300B7A737 /* UIKit.framework */ = {isa = PBXFileReference; lastKnownFileType = wrapper.framework; name = UIKit.framework; path = System/Library/Frameworks/UIKit.framework; sourceTree = SDKROOT; };
		288765FC0DF74451002DB57D /* CoreGraphics.framework */ = {isa = PBXFileReference; lastKnownFileType = wrapper.framework; name = CoreGraphics.framework; path = System/Library/Frameworks/CoreGraphics.framework; sourceTree = SDKROOT; };
		29B97316FDCFA39411CA2CEA /* main.m */ = {isa = PBXFileReference; fileEncoding = 4; lastKnownFileType = sourcecode.c.objc; path = main.m; sourceTree = "<group>"; };
		32CA4F630368D1EE00C91783 /* Saturation_Prefix.pch */ = {isa = PBXFileReference; fileEncoding = 4; lastKnownFileType = sourcecode.c.h; path = Saturation_Prefix.pch; sourceTree = "<group>"; };
		8D1107310486CEB800E47090 /* Saturation-Info.plist */ = {isa = PBXFileReference; fileEncoding = 4; lastKnownFileType = text.plist.xml; path = "Saturation-Info.plist"; plistStructureDefinitionIdentifier = "com.apple.xcode.plist.structure-definition.iphone.info-plist"; sourceTree = "<group>"; };
		A911891910DDD9C7003AA0EB /* icon.png */ = {isa = PBXFileReference; lastKnownFileType = image.png; path = icon.png; sourceTree = "<group>"; };
		A9A0F7F910D8903100823BC9 /* BGSMainViewController.h */ = {isa = PBXFileReference; fileEncoding = 4; lastKnownFileType = sourcecode.c.h; path = BGSMainViewController.h; sourceTree = "<group>"; };
		A9A0F7FA10D8903100823BC9 /* BGSMainViewController.m */ = {isa = PBXFileReference; fileEncoding = 4; lastKnownFileType = sourcecode.c.objc; path = BGSMainViewController.m; sourceTree = "<group>"; };
		A9A0F80410D8910100823BC9 /* BGSCircleView.h */ = {isa = PBXFileReference; fileEncoding = 4; lastKnownFileType = sourcecode.c.h; path = BGSCircleView.h; sourceTree = "<group>"; };
		A9A0F80510D8910100823BC9 /* BGSCircleView.m */ = {isa = PBXFileReference; fileEncoding = 4; lastKnownFileType = sourcecode.c.objc; path = BGSCircleView.m; sourceTree = "<group>"; };
		A9A0F80A10D8912D00823BC9 /* QuartzCore.framework */ = {isa = PBXFileReference; lastKnownFileType = wrapper.framework; name = QuartzCore.framework; path = System/Library/Frameworks/QuartzCore.framework; sourceTree = SDKROOT; };
		A9A0F86910D8941A00823BC9 /* BGSKulerParser.h */ = {isa = PBXFileReference; fileEncoding = 4; lastKnownFileType = sourcecode.c.h; path = BGSKulerParser.h; sourceTree = "<group>"; };
		A9A0F86A10D8941A00823BC9 /* BGSKulerParser.m */ = {isa = PBXFileReference; fileEncoding = 4; lastKnownFileType = sourcecode.c.objc; path = BGSKulerParser.m; sourceTree = "<group>"; };
		A9BCCE9F10DC910200742013 /* FontsAndColors.h */ = {isa = PBXFileReference; fileEncoding = 4; lastKnownFileType = sourcecode.c.h; path = FontsAndColors.h; sourceTree = "<group>"; };
		A9EFACCB10DC9A8B005CCAA3 /* BGSDetailViewController.h */ = {isa = PBXFileReference; fileEncoding = 4; lastKnownFileType = sourcecode.c.h; path = BGSDetailViewController.h; sourceTree = "<group>"; };
		A9EFACCC10DC9A8B005CCAA3 /* BGSDetailViewController.m */ = {isa = PBXFileReference; fileEncoding = 4; lastKnownFileType = sourcecode.c.objc; path = BGSDetailViewController.m; sourceTree = "<group>"; };
		A9EFACD510DC9FE4005CCAA3 /* button-close.png */ = {isa = PBXFileReference; lastKnownFileType = image.png; path = "button-close.png"; sourceTree = "<group>"; };
		A9EFACF510DCA0ED005CCAA3 /* NOTES */ = {isa = PBXFileReference; fileEncoding = 4; lastKnownFileType = text; path = NOTES; sourceTree = "<group>"; };
		A9EFADCB10DCAB6D005CCAA3 /* icon-email.png */ = {isa = PBXFileReference; lastKnownFileType = image.png; path = "icon-email.png"; sourceTree = "<group>"; };
		A9EFADCC10DCAB6D005CCAA3 /* icon-favorite-selected.png */ = {isa = PBXFileReference; lastKnownFileType = image.png; path = "icon-favorite-selected.png"; sourceTree = "<group>"; };
		A9EFADCD10DCAB6D005CCAA3 /* icon-favorite-unselected.png */ = {isa = PBXFileReference; lastKnownFileType = image.png; path = "icon-favorite-unselected.png"; sourceTree = "<group>"; };
		A9EFADF510DD1F52005CCAA3 /* button-gear.png */ = {isa = PBXFileReference; lastKnownFileType = image.png; path = "button-gear.png"; sourceTree = "<group>"; };
		A9EFADF610DD1F52005CCAA3 /* button-info.png */ = {isa = PBXFileReference; lastKnownFileType = image.png; path = "button-info.png"; sourceTree = "<group>"; };
		A9EFAE6A10DD2508005CCAA3 /* BGSSwatchColor.h */ = {isa = PBXFileReference; fileEncoding = 4; lastKnownFileType = sourcecode.c.h; path = BGSSwatchColor.h; sourceTree = "<group>"; };
		A9EFAE6B10DD2508005CCAA3 /* BGSSwatchColor.m */ = {isa = PBXFileReference; fileEncoding = 4; lastKnownFileType = sourcecode.c.objc; path = BGSSwatchColor.m; sourceTree = "<group>"; };
		A9EFAE9F10DD2D59005CCAA3 /* BGSSwatchStrip.h */ = {isa = PBXFileReference; fileEncoding = 4; lastKnownFileType = sourcecode.c.h; path = BGSSwatchStrip.h; sourceTree = "<group>"; };
		A9EFAEA010DD2D59005CCAA3 /* BGSSwatchStrip.m */ = {isa = PBXFileReference; fileEncoding = 4; lastKnownFileType = sourcecode.c.objc; path = BGSSwatchStrip.m; sourceTree = "<group>"; };
		A9EFB00710DD79A7005CCAA3 /* UIColor+CMYK.h */ = {isa = PBXFileReference; fileEncoding = 4; lastKnownFileType = sourcecode.c.h; path = "UIColor+CMYK.h"; sourceTree = "<group>"; };
		A9EFB00810DD79A7005CCAA3 /* UIColor+CMYK.m */ = {isa = PBXFileReference; fileEncoding = 4; lastKnownFileType = sourcecode.c.objc; path = "UIColor+CMYK.m"; sourceTree = "<group>"; };
		A9EFB0AA10DD8D79005CCAA3 /* BGSEmailCTAView.h */ = {isa = PBXFileReference; fileEncoding = 4; lastKnownFileType = sourcecode.c.h; path = BGSEmailCTAView.h; sourceTree = "<group>"; };
		A9EFB0AB10DD8D79005CCAA3 /* BGSEmailCTAView.m */ = {isa = PBXFileReference; fileEncoding = 4; lastKnownFileType = sourcecode.c.objc; path = BGSEmailCTAView.m; sourceTree = "<group>"; };
		A9EFB11610DD9B5E005CCAA3 /* button-email-background.png */ = {isa = PBXFileReference; lastKnownFileType = image.png; path = "button-email-background.png"; sourceTree = "<group>"; };
		A9EFB12710DD9CA2005CCAA3 /* button-favorite-background.png */ = {isa = PBXFileReference; lastKnownFileType = image.png; path = "button-favorite-background.png"; sourceTree = "<group>"; };
		A9EFB18510DDA7F5005CCAA3 /* BGSFavoriteView.h */ = {isa = PBXFileReference; fileEncoding = 4; lastKnownFileType = sourcecode.c.h; path = BGSFavoriteView.h; sourceTree = "<group>"; };
		A9EFB18610DDA7F5005CCAA3 /* BGSFavoriteView.m */ = {isa = PBXFileReference; fileEncoding = 4; lastKnownFileType = sourcecode.c.objc; path = BGSFavoriteView.m; sourceTree = "<group>"; };
		A9EFB18C10DDAA93005CCAA3 /* BGSWelcomeViewController.h */ = {isa = PBXFileReference; fileEncoding = 4; lastKnownFileType = sourcecode.c.h; path = BGSWelcomeViewController.h; sourceTree = "<group>"; };
		A9EFB18D10DDAA93005CCAA3 /* BGSWelcomeViewController.m */ = {isa = PBXFileReference; fileEncoding = 4; lastKnownFileType = sourcecode.c.objc; path = BGSWelcomeViewController.m; sourceTree = "<group>"; };
		A9EFB1BA10DDB2F1005CCAA3 /* logo-kuler.png */ = {isa = PBXFileReference; lastKnownFileType = image.png; path = "logo-kuler.png"; sourceTree = "<group>"; };
		A9EFB1BB10DDB2F1005CCAA3 /* logo-saturation.png */ = {isa = PBXFileReference; lastKnownFileType = image.png; path = "logo-saturation.png"; sourceTree = "<group>"; };
		A9EFB1BC10DDB2F1005CCAA3 /* logo-shadow.png */ = {isa = PBXFileReference; lastKnownFileType = image.png; path = "logo-shadow.png"; sourceTree = "<group>"; };
		A9EFB1D110DDB58B005CCAA3 /* Default.png */ = {isa = PBXFileReference; lastKnownFileType = image.png; path = Default.png; sourceTree = "<group>"; };
		A9EFB20210DDB730005CCAA3 /* logo-background.png */ = {isa = PBXFileReference; lastKnownFileType = image.png; path = "logo-background.png"; sourceTree = "<group>"; };
		A9EFB2D810DDCAB5005CCAA3 /* NSArray-Shuffle.h */ = {isa = PBXFileReference; fileEncoding = 4; lastKnownFileType = sourcecode.c.h; path = "NSArray-Shuffle.h"; sourceTree = "<group>"; };
		A9EFB2D910DDCAB5005CCAA3 /* NSArray-Shuffle.m */ = {isa = PBXFileReference; fileEncoding = 4; lastKnownFileType = sourcecode.c.objc; path = "NSArray-Shuffle.m"; sourceTree = "<group>"; };
		A9EFB31010DDCE3D005CCAA3 /* background.png */ = {isa = PBXFileReference; lastKnownFileType = image.png; path = background.png; sourceTree = "<group>"; };
		A9EFB3A310DDD5B4005CCAA3 /* Entitlements.plist */ = {isa = PBXFileReference; fileEncoding = 4; lastKnownFileType = text.plist.xml; path = Entitlements.plist; sourceTree = "<group>"; };
/* End PBXFileReference section */

/* Begin PBXFrameworksBuildPhase section */
		1D60588F0D05DD3D006BFB54 /* Frameworks */ = {
			isa = PBXFrameworksBuildPhase;
			buildActionMask = 2147483647;
			files = (
				1D60589F0D05DD5A006BFB54 /* Foundation.framework in Frameworks */,
				1DF5F4E00D08C38300B7A737 /* UIKit.framework in Frameworks */,
				288765FD0DF74451002DB57D /* CoreGraphics.framework in Frameworks */,
				A9A0F80B10D8912D00823BC9 /* QuartzCore.framework in Frameworks */,
			);
			runOnlyForDeploymentPostprocessing = 0;
		};
/* End PBXFrameworksBuildPhase section */

/* Begin PBXGroup section */
		080E96DDFE201D6D7F000001 /* Classes */ = {
			isa = PBXGroup;
			children = (
				A9A0F86E10D8952E00823BC9 /* Controllers */,
				A9A0F86D10D8952A00823BC9 /* Views */,
				A9A0F86C10D8952400823BC9 /* Helpers */,
				1D3623240D0F684500981E51 /* SaturationAppDelegate.h */,
				1D3623250D0F684500981E51 /* SaturationAppDelegate.m */,
				A9BCCE9F10DC910200742013 /* FontsAndColors.h */,
				A9EFB2D810DDCAB5005CCAA3 /* NSArray-Shuffle.h */,
				A9EFB2D910DDCAB5005CCAA3 /* NSArray-Shuffle.m */,
				A9EFB00710DD79A7005CCAA3 /* UIColor+CMYK.h */,
				A9EFB00810DD79A7005CCAA3 /* UIColor+CMYK.m */,
			);
			path = Classes;
			sourceTree = "<group>";
		};
		19C28FACFE9D520D11CA2CBB /* Products */ = {
			isa = PBXGroup;
			children = (
				1D6058910D05DD3D006BFB54 /* Saturation.app */,
			);
			name = Products;
			sourceTree = "<group>";
		};
		29B97314FDCFA39411CA2CEA /* CustomTemplate */ = {
			isa = PBXGroup;
			children = (
				080E96DDFE201D6D7F000001 /* Classes */,
				29B97315FDCFA39411CA2CEA /* Other Sources */,
				29B97317FDCFA39411CA2CEA /* Resources */,
				29B97323FDCFA39411CA2CEA /* Frameworks */,
				19C28FACFE9D520D11CA2CBB /* Products */,
				A9EFACF510DCA0ED005CCAA3 /* NOTES */,
			);
			name = CustomTemplate;
			sourceTree = "<group>";
		};
		29B97315FDCFA39411CA2CEA /* Other Sources */ = {
			isa = PBXGroup;
			children = (
				32CA4F630368D1EE00C91783 /* Saturation_Prefix.pch */,
				29B97316FDCFA39411CA2CEA /* main.m */,
			);
			name = "Other Sources";
			sourceTree = "<group>";
		};
		29B97317FDCFA39411CA2CEA /* Resources */ = {
			isa = PBXGroup;
			children = (
				A9EFACD410DC9FE4005CCAA3 /* Images */,
				8D1107310486CEB800E47090 /* Saturation-Info.plist */,
				A9EFB3A310DDD5B4005CCAA3 /* Entitlements.plist */,
			);
			name = Resources;
			sourceTree = "<group>";
		};
		29B97323FDCFA39411CA2CEA /* Frameworks */ = {
			isa = PBXGroup;
			children = (
				A9A0F80A10D8912D00823BC9 /* QuartzCore.framework */,
				1DF5F4DF0D08C38300B7A737 /* UIKit.framework */,
				1D30AB110D05D00D00671497 /* Foundation.framework */,
				288765FC0DF74451002DB57D /* CoreGraphics.framework */,
			);
			name = Frameworks;
			sourceTree = "<group>";
		};
		A9A0F86C10D8952400823BC9 /* Helpers */ = {
			isa = PBXGroup;
			children = (
				A9A0F86910D8941A00823BC9 /* BGSKulerParser.h */,
				A9A0F86A10D8941A00823BC9 /* BGSKulerParser.m */,
			);
			name = Helpers;
			sourceTree = "<group>";
		};
		A9A0F86D10D8952A00823BC9 /* Views */ = {
			isa = PBXGroup;
			children = (
				A9A0F80410D8910100823BC9 /* BGSCircleView.h */,
				A9A0F80510D8910100823BC9 /* BGSCircleView.m */,
				A9EFAE6A10DD2508005CCAA3 /* BGSSwatchColor.h */,
				A9EFAE6B10DD2508005CCAA3 /* BGSSwatchColor.m */,
				A9EFAE9F10DD2D59005CCAA3 /* BGSSwatchStrip.h */,
				A9EFAEA010DD2D59005CCAA3 /* BGSSwatchStrip.m */,
				A9EFB0AA10DD8D79005CCAA3 /* BGSEmailCTAView.h */,
				A9EFB0AB10DD8D79005CCAA3 /* BGSEmailCTAView.m */,
				A9EFB18510DDA7F5005CCAA3 /* BGSFavoriteView.h */,
				A9EFB18610DDA7F5005CCAA3 /* BGSFavoriteView.m */,
			);
			name = Views;
			sourceTree = "<group>";
		};
		A9A0F86E10D8952E00823BC9 /* Controllers */ = {
			isa = PBXGroup;
			children = (
				A9A0F7F910D8903100823BC9 /* BGSMainViewController.h */,
				A9A0F7FA10D8903100823BC9 /* BGSMainViewController.m */,
				A9EFACCB10DC9A8B005CCAA3 /* BGSDetailViewController.h */,
				A9EFACCC10DC9A8B005CCAA3 /* BGSDetailViewController.m */,
				A9EFB18C10DDAA93005CCAA3 /* BGSWelcomeViewController.h */,
				A9EFB18D10DDAA93005CCAA3 /* BGSWelcomeViewController.m */,
			);
			name = Controllers;
			sourceTree = "<group>";
		};
		A9EFACD410DC9FE4005CCAA3 /* Images */ = {
			isa = PBXGroup;
			children = (
				A911891910DDD9C7003AA0EB /* icon.png */,
				A9EFB31010DDCE3D005CCAA3 /* background.png */,
				A9EFB20210DDB730005CCAA3 /* logo-background.png */,
				A9EFB1D110DDB58B005CCAA3 /* Default.png */,
				A9EFB1BA10DDB2F1005CCAA3 /* logo-kuler.png */,
				A9EFB1BB10DDB2F1005CCAA3 /* logo-saturation.png */,
				A9EFB1BC10DDB2F1005CCAA3 /* logo-shadow.png */,
				A9EFB12710DD9CA2005CCAA3 /* button-favorite-background.png */,
				A9EFB11610DD9B5E005CCAA3 /* button-email-background.png */,
				A9EFADF510DD1F52005CCAA3 /* button-gear.png */,
				A9EFADF610DD1F52005CCAA3 /* button-info.png */,
				A9EFADCB10DCAB6D005CCAA3 /* icon-email.png */,
				A9EFADCC10DCAB6D005CCAA3 /* icon-favorite-selected.png */,
				A9EFADCD10DCAB6D005CCAA3 /* icon-favorite-unselected.png */,
				A9EFACD510DC9FE4005CCAA3 /* button-close.png */,
			);
			name = Images;
			path = ../saturation/Assets/Optimized;
			sourceTree = SOURCE_ROOT;
		};
/* End PBXGroup section */

/* Begin PBXNativeTarget section */
		1D6058900D05DD3D006BFB54 /* Saturation */ = {
			isa = PBXNativeTarget;
			buildConfigurationList = 1D6058960D05DD3E006BFB54 /* Build configuration list for PBXNativeTarget "Saturation" */;
			buildPhases = (
				1D60588D0D05DD3D006BFB54 /* Resources */,
				1D60588E0D05DD3D006BFB54 /* Sources */,
				1D60588F0D05DD3D006BFB54 /* Frameworks */,
			);
			buildRules = (
			);
			dependencies = (
			);
			name = Saturation;
			productName = Saturation;
			productReference = 1D6058910D05DD3D006BFB54 /* Saturation.app */;
			productType = "com.apple.product-type.application";
		};
/* End PBXNativeTarget section */

/* Begin PBXProject section */
		29B97313FDCFA39411CA2CEA /* Project object */ = {
			isa = PBXProject;
			buildConfigurationList = C01FCF4E08A954540054247B /* Build configuration list for PBXProject "Saturation" */;
			compatibilityVersion = "Xcode 3.1";
			hasScannedForEncodings = 1;
			mainGroup = 29B97314FDCFA39411CA2CEA /* CustomTemplate */;
			projectDirPath = "";
			projectRoot = "";
			targets = (
				1D6058900D05DD3D006BFB54 /* Saturation */,
			);
		};
/* End PBXProject section */

/* Begin PBXResourcesBuildPhase section */
		1D60588D0D05DD3D006BFB54 /* Resources */ = {
			isa = PBXResourcesBuildPhase;
			buildActionMask = 2147483647;
			files = (
				A9EFACD610DC9FE4005CCAA3 /* button-close.png in Resources */,
				A9EFACF610DCA0ED005CCAA3 /* NOTES in Resources */,
				A9EFADCF10DCAB6D005CCAA3 /* icon-email.png in Resources */,
				A9EFADD010DCAB6D005CCAA3 /* icon-favorite-selected.png in Resources */,
				A9EFADD110DCAB6D005CCAA3 /* icon-favorite-unselected.png in Resources */,
				A9EFADF710DD1F52005CCAA3 /* button-gear.png in Resources */,
				A9EFADF810DD1F52005CCAA3 /* button-info.png in Resources */,
				A9EFB11710DD9B5E005CCAA3 /* button-email-background.png in Resources */,
				A9EFB12810DD9CA2005CCAA3 /* button-favorite-background.png in Resources */,
				A9EFB1BE10DDB2F1005CCAA3 /* logo-kuler.png in Resources */,
				A9EFB1BF10DDB2F1005CCAA3 /* logo-saturation.png in Resources */,
				A9EFB1C010DDB2F1005CCAA3 /* logo-shadow.png in Resources */,
				A9EFB1D210DDB58B005CCAA3 /* Default.png in Resources */,
				A9EFB20310DDB730005CCAA3 /* logo-background.png in Resources */,
				A9EFB31110DDCE3D005CCAA3 /* background.png in Resources */,
				A9EFB3A410DDD5B4005CCAA3 /* Entitlements.plist in Resources */,
				A911891A10DDD9C7003AA0EB /* icon.png in Resources */,
			);
			runOnlyForDeploymentPostprocessing = 0;
		};
/* End PBXResourcesBuildPhase section */

/* Begin PBXSourcesBuildPhase section */
		1D60588E0D05DD3D006BFB54 /* Sources */ = {
			isa = PBXSourcesBuildPhase;
			buildActionMask = 2147483647;
			files = (
				1D60589B0D05DD56006BFB54 /* main.m in Sources */,
				1D3623260D0F684500981E51 /* SaturationAppDelegate.m in Sources */,
				A9A0F7FB10D8903100823BC9 /* BGSMainViewController.m in Sources */,
				A9A0F80610D8910100823BC9 /* BGSCircleView.m in Sources */,
				A9A0F86B10D8941A00823BC9 /* BGSKulerParser.m in Sources */,
				A9EFACCD10DC9A8B005CCAA3 /* BGSDetailViewController.m in Sources */,
				A9EFAE6C10DD2508005CCAA3 /* BGSSwatchColor.m in Sources */,
				A9EFAEA110DD2D59005CCAA3 /* BGSSwatchStrip.m in Sources */,
				A9EFB00910DD79A7005CCAA3 /* UIColor+CMYK.m in Sources */,
				A9EFB0AC10DD8D79005CCAA3 /* BGSEmailCTAView.m in Sources */,
				A9EFB18710DDA7F5005CCAA3 /* BGSFavoriteView.m in Sources */,
				A9EFB18E10DDAA93005CCAA3 /* BGSWelcomeViewController.m in Sources */,
				A9EFB2DA10DDCAB5005CCAA3 /* NSArray-Shuffle.m in Sources */,
			);
			runOnlyForDeploymentPostprocessing = 0;
		};
/* End PBXSourcesBuildPhase section */

/* Begin XCBuildConfiguration section */
		1D6058940D05DD3E006BFB54 /* Debug */ = {
			isa = XCBuildConfiguration;
			buildSettings = {
				ALWAYS_SEARCH_USER_PATHS = NO;
				COPY_PHASE_STRIP = NO;
				GCC_DYNAMIC_NO_PIC = NO;
				GCC_OPTIMIZATION_LEVEL = 0;
				GCC_PRECOMPILE_PREFIX_HEADER = YES;
				GCC_PREFIX_HEADER = Saturation_Prefix.pch;
				INFOPLIST_FILE = "Saturation-Info.plist";
				PRODUCT_NAME = Saturation;
			};
			name = Debug;
		};
		1D6058950D05DD3E006BFB54 /* Release */ = {
			isa = XCBuildConfiguration;
			buildSettings = {
				ALWAYS_SEARCH_USER_PATHS = NO;
				COPY_PHASE_STRIP = YES;
				GCC_PRECOMPILE_PREFIX_HEADER = YES;
				GCC_PREFIX_HEADER = Saturation_Prefix.pch;
				INFOPLIST_FILE = "Saturation-Info.plist";
				PRODUCT_NAME = Saturation;
			};
			name = Release;
		};
		A9EFB39E10DDD58F005CCAA3 /* Ad Hoc */ = {
			isa = XCBuildConfiguration;
			buildSettings = {
				ARCHS = "$(ARCHS_STANDARD_32_BIT)";
				CODE_SIGN_ENTITLEMENTS = Entitlements.plist;
				"CODE_SIGN_IDENTITY[sdk=iphoneos*]" = "iPhone Distribution: Shawn Roske";
				GCC_C_LANGUAGE_STANDARD = c99;
				GCC_WARN_ABOUT_RETURN_TYPE = YES;
				GCC_WARN_UNUSED_VARIABLE = YES;
				PREBINDING = NO;
				"PROVISIONING_PROFILE[sdk=iphoneos*]" = "54EB59E4-AEA7-472A-A451-72E1BDF2FA0B";
				SDKROOT = iphoneos3.0;
			};
			name = "Ad Hoc";
		};
		A9EFB39F10DDD58F005CCAA3 /* Ad Hoc */ = {
			isa = XCBuildConfiguration;
			buildSettings = {
				ALWAYS_SEARCH_USER_PATHS = NO;
				COPY_PHASE_STRIP = YES;
				GCC_PRECOMPILE_PREFIX_HEADER = YES;
				GCC_PREFIX_HEADER = Saturation_Prefix.pch;
				INFOPLIST_FILE = "Saturation-Info.plist";
				PRODUCT_NAME = Saturation;
			};
			name = "Ad Hoc";
		};
		C01FCF4F08A954540054247B /* Debug */ = {
			isa = XCBuildConfiguration;
			buildSettings = {
				ARCHS = "$(ARCHS_STANDARD_32_BIT)";
				"CODE_SIGN_IDENTITY[sdk=iphoneos*]" = "iPhone Developer";
				GCC_C_LANGUAGE_STANDARD = c99;
				GCC_WARN_ABOUT_RETURN_TYPE = YES;
				GCC_WARN_UNUSED_VARIABLE = YES;
				OTHER_LDFLAGS = "";
				PREBINDING = NO;
				SDKROOT = iphoneos3.0;
			};
			name = Debug;
		};
		C01FCF5008A954540054247B /* Release */ = {
			isa = XCBuildConfiguration;
			buildSettings = {
				ARCHS = "$(ARCHS_STANDARD_32_BIT)";
				"CODE_SIGN_IDENTITY[sdk=iphoneos*]" = "iPhone Developer";
				GCC_C_LANGUAGE_STANDARD = c99;
				GCC_WARN_ABOUT_RETURN_TYPE = YES;
				GCC_WARN_UNUSED_VARIABLE = YES;
				PREBINDING = NO;
				SDKROOT = iphoneos3.0;
			};
			name = Release;
		};
/* End XCBuildConfiguration section */

/* Begin XCConfigurationList section */
		1D6058960D05DD3E006BFB54 /* Build configuration list for PBXNativeTarget "Saturation" */ = {
			isa = XCConfigurationList;
			buildConfigurations = (
				1D6058940D05DD3E006BFB54 /* Debug */,
				1D6058950D05DD3E006BFB54 /* Release */,
				A9EFB39F10DDD58F005CCAA3 /* Ad Hoc */,
			);
			defaultConfigurationIsVisible = 0;
			defaultConfigurationName = Release;
		};
		C01FCF4E08A954540054247B /* Build configuration list for PBXProject "Saturation" */ = {
			isa = XCConfigurationList;
			buildConfigurations = (
				C01FCF4F08A954540054247B /* Debug */,
				C01FCF5008A954540054247B /* Release */,
				A9EFB39E10DDD58F005CCAA3 /* Ad Hoc */,
			);
			defaultConfigurationIsVisible = 0;
			defaultConfigurationName = Release;
		};
/* End XCConfigurationList section */
	};
	rootObject = 29B97313FDCFA39411CA2CEA /* Project object */;
}
